
Microsoft Visual Studio Solution File, Format Version 11.00
# Visual Studio 2010
Project("{FAE04EC0-301F-11D3-BF4B-00C04F79EFBC}") = "FinishLine.UI.Web", "FinishLine.UI.Web\FinishLine.UI.Web.csproj", "{685B29B9-9119-4B7F-9B68-8CF503E82BAE}"
EndProject
Project("{FAE04EC0-301F-11D3-BF4B-00C04F79EFBC}") = "FinishLine.Tests", "FinishLine.Tests\FinishLine.Tests.csproj", "{B9AF385A-2102-42F2-83E8-DB44BB8032CA}"
EndProject
Project("{FAE04EC0-301F-11D3-BF4B-00C04F79EFBC}") = "FinishLine.Library.Controllers", "FinishLine.Library.Controllers\FinishLine.Library.Controllers.csproj", "{A1609FBD-9B99-4C56-8B63-07A7E910881F}"
EndProject
Project("{FAE04EC0-301F-11D3-BF4B-00C04F79EFBC}") = "FinishLine.Library.Infrastructure", "FinishLine.Library.Infrastructure\FinishLine.Library.Infrastructure.csproj", "{4114B72F-8AA0-46D8-AAA3-867CE8A5B752}"
EndProject
Project("{FAE04EC0-301F-11D3-BF4B-00C04F79EFBC}") = "FinishLine.Library.Model", "FinishLine.Library.Model\FinishLine.Library.Model.csproj", "{4698DC38-4DC2-4B13-A29E-D18E99897DA9}"
EndProject
Project("{FAE04EC0-301F-11D3-BF4B-00C04F79EFBC}") = "FinishLine.Library.Repository.Raven", "FinishLine.Library.Repository.Raven\FinishLine.Library.Repository.Raven.csproj", "{82B5D7BC-AD7A-47FB-8102-0E0B61E95258}"
EndProject
Project("{FAE04EC0-301F-11D3-BF4B-00C04F79EFBC}") = "FinishLine.Library.Services", "FinishLine.Library.Services\FinishLine.Library.Services.csproj", "{FD0B4449-6989-4C9F-9263-08AC288EFD21}"
EndProject
Project("{FAE04EC0-301F-11D3-BF4B-00C04F79EFBC}") = "FinishLine.Library.Services.Cache", "FinishLine.Library.Services.Cache\FinishLine.Library.Services.Cache.csproj", "{CBDEEF4F-D08E-46BF-A8E9-29D4FF0169A2}"
EndProject
Project("{FAE04EC0-301F-11D3-BF4B-00C04F79EFBC}") = "FinishLine.Library.Repository.NHibernate", "FinishLine.Library.Repository.NHibernate\FinishLine.Library.Repository.NHibernate.csproj", "{C2E56FD4-4475-4E3B-AA61-189E4AD15709}"
EndProject
Global
	GlobalSection(SolutionConfigurationPlatforms) = preSolution
		Debug|Any CPU = Debug|Any CPU
		Release|Any CPU = Release|Any CPU
	EndGlobalSection
	GlobalSection(ProjectConfigurationPlatforms) = postSolution
		{685B29B9-9119-4B7F-9B68-8CF503E82BAE}.Debug|Any CPU.ActiveCfg = Debug|Any CPU
		{685B29B9-9119-4B7F-9B68-8CF503E82BAE}.Debug|Any CPU.Build.0 = Debug|Any CPU
		{685B29B9-9119-4B7F-9B68-8CF503E82BAE}.Release|Any CPU.ActiveCfg = Release|Any CPU
		{685B29B9-9119-4B7F-9B68-8CF503E82BAE}.Release|Any CPU.Build.0 = Release|Any CPU
		{B9AF385A-2102-42F2-83E8-DB44BB8032CA}.Debug|Any CPU.ActiveCfg = Debug|Any CPU
		{B9AF385A-2102-42F2-83E8-DB44BB8032CA}.Debug|Any CPU.Build.0 = Debug|Any CPU
		{B9AF385A-2102-42F2-83E8-DB44BB8032CA}.Release|Any CPU.ActiveCfg = Release|Any CPU
		{B9AF385A-2102-42F2-83E8-DB44BB8032CA}.Release|Any CPU.Build.0 = Release|Any CPU
		{A1609FBD-9B99-4C56-8B63-07A7E910881F}.Debug|Any CPU.ActiveCfg = Debug|Any CPU
		{A1609FBD-9B99-4C56-8B63-07A7E910881F}.Debug|Any CPU.Build.0 = Debug|Any CPU
		{A1609FBD-9B99-4C56-8B63-07A7E910881F}.Release|Any CPU.ActiveCfg = Release|Any CPU
		{A1609FBD-9B99-4C56-8B63-07A7E910881F}.Release|Any CPU.Build.0 = Release|Any CPU
		{4114B72F-8AA0-46D8-AAA3-867CE8A5B752}.Debug|Any CPU.ActiveCfg = Debug|Any CPU
		{4114B72F-8AA0-46D8-AAA3-867CE8A5B752}.Debug|Any CPU.Build.0 = Debug|Any CPU
		{4114B72F-8AA0-46D8-AAA3-867CE8A5B752}.Release|Any CPU.ActiveCfg = Release|Any CPU
		{4114B72F-8AA0-46D8-AAA3-867CE8A5B752}.Release|Any CPU.Build.0 = Release|Any CPU
		{4698DC38-4DC2-4B13-A29E-D18E99897DA9}.Debug|Any CPU.ActiveCfg = Debug|Any CPU
		{4698DC38-4DC2-4B13-A29E-D18E99897DA9}.Debug|Any CPU.Build.0 = Debug|Any CPU
		{4698DC38-4DC2-4B13-A29E-D18E99897DA9}.Release|Any CPU.ActiveCfg = Release|Any CPU
		{4698DC38-4DC2-4B13-A29E-D18E99897DA9}.Release|Any CPU.Build.0 = Release|Any CPU
		{82B5D7BC-AD7A-47FB-8102-0E0B61E95258}.Debug|Any CPU.ActiveCfg = Debug|Any CPU
		{82B5D7BC-AD7A-47FB-8102-0E0B61E95258}.Debug|Any CPU.Build.0 = Debug|Any CPU
		{82B5D7BC-AD7A-47FB-8102-0E0B61E95258}.Release|Any CPU.ActiveCfg = Release|Any CPU
		{82B5D7BC-AD7A-47FB-8102-0E0B61E95258}.Release|Any CPU.Build.0 = Release|Any CPU
		{FD0B4449-6989-4C9F-9263-08AC288EFD21}.Debug|Any CPU.ActiveCfg = Debug|Any CPU
		{FD0B4449-6989-4C9F-9263-08AC288EFD21}.Debug|Any CPU.Build.0 = Debug|Any CPU
		{FD0B4449-6989-4C9F-9263-08AC288EFD21}.Release|Any CPU.ActiveCfg = Release|Any CPU
		{FD0B4449-6989-4C9F-9263-08AC288EFD21}.Release|Any CPU.Build.0 = Release|Any CPU
		{CBDEEF4F-D08E-46BF-A8E9-29D4FF0169A2}.Debug|Any CPU.ActiveCfg = Debug|Any CPU
		{CBDEEF4F-D08E-46BF-A8E9-29D4FF0169A2}.Debug|Any CPU.Build.0 = Debug|Any CPU
		{CBDEEF4F-D08E-46BF-A8E9-29D4FF0169A2}.Release|Any CPU.ActiveCfg = Release|Any CPU
		{CBDEEF4F-D08E-46BF-A8E9-29D4FF0169A2}.Release|Any CPU.Build.0 = Release|Any CPU
		{C2E56FD4-4475-4E3B-AA61-189E4AD15709}.Debug|Any CPU.ActiveCfg = Debug|Any CPU
		{C2E56FD4-4475-4E3B-AA61-189E4AD15709}.Debug|Any CPU.Build.0 = Debug|Any CPU
		{C2E56FD4-4475-4E3B-AA61-189E4AD15709}.Release|Any CPU.ActiveCfg = Release|Any CPU
		{C2E56FD4-4475-4E3B-AA61-189E4AD15709}.Release|Any CPU.Build.0 = Release|Any CPU
	EndGlobalSection
	GlobalSection(SolutionProperties) = preSolution
		HideSolutionNode = FALSE
	EndGlobalSection
EndGlobal
